<?xml version="1.0" encoding="utf-8"?>
<Project ToolsVersion="4.0" xmlns="http://schemas.microsoft.com/developer/msbuild/2003">
  <ItemGroup>
    <ClCompile Include="image_DXT.c" />
    <ClCompile Include="image_helper.c" />
    <ClCompile Include="SOIL.c" />
    <ClCompile Include="stb_image_aug.c" />
    <ClCompile Include="app_main.cpp">
      <Filter>Source Files</Filter>
    </ClCompile>
    <ClCompile Include="app_window.cpp">
      <Filter>Source Files</Filter>
    </ClCompile>
    <ClCompile Include="Character.cpp">
      <Filter>Source Files</Filter>
    </ClCompile>
    <ClCompile Include="Entity.cpp">
      <Filter>Source Files</Filter>
    </ClCompile>
    <ClCompile Include="GameWindow.cpp">
      <Filter>Source Files</Filter>
    </ClCompile>
    <ClCompile Include="glut_window.cpp">
      <Filter>Source Files</Filter>
    </ClCompile>
    <ClCompile Include="Player.cpp">
      <Filter>Source Files</Filter>
    </ClCompile>
    <ClCompile Include="World.cpp">
      <Filter>Source Files</Filter>
    </ClCompile>
    <ClCompile Include="TextureHandler.cpp">
      <Filter>Source Files</Filter>
    </ClCompile>
    <ClCompile Include="Block.cpp">
      <Filter>Source Files</Filter>
    </ClCompile>
    <ClCompile Include="EntityBomb.cpp">
      <Filter>Source Files</Filter>
    </ClCompile>
    <ClCompile Include="EntitydBlock.cpp">
      <Filter>Source Files</Filter>
    </ClCompile>
    <ClCompile Include="EntityFire.cpp">
      <Filter>Source Files</Filter>
    </ClCompile>
    <ClCompile Include="PlayerNPC.cpp">
      <Filter>Source Files</Filter>
    </ClCompile>
    <ClCompile Include="EntityPowerupBlast.cpp">
      <Filter>Source Files</Filter>
    </ClCompile>
    <ClCompile Include="EntityPowerupBomb.cpp">
      <Filter>Source Files</Filter>
    </ClCompile>
    <ClCompile Include="EntityPowerupSpeed.cpp">
      <Filter>Source Files</Filter>
    </ClCompile>
    <ClCompile Include="EntityPowerupSkull.cpp">
      <Filter>Source Files</Filter>
    </ClCompile>
  </ItemGroup>
  <ItemGroup>
    <ClInclude Include="image_DXT.h" />
    <ClInclude Include="image_helper.h" />
    <ClInclude Include="SOIL.h" />
    <ClInclude Include="stbi_DDS_aug.h" />
    <ClInclude Include="stbi_DDS_aug_c.h" />
    <ClInclude Include="stb_image_aug.h" />
    <ClInclude Include="TextureHandler.h">
      <Filter>Header Files</Filter>
    </ClInclude>
    <ClInclude Include="World.h">
      <Filter>Header Files</Filter>
    </ClInclude>
    <ClInclude Include="Player.h">
      <Filter>Header Files</Filter>
    </ClInclude>
    <ClInclude Include="glut_window.h">
      <Filter>Header Files</Filter>
    </ClInclude>
    <ClInclude Include="GameWindow.h">
      <Filter>Header Files</Filter>
    </ClInclude>
    <ClInclude Include="Entity.h">
      <Filter>Header Files</Filter>
    </ClInclude>
    <ClInclude Include="Character.h">
      <Filter>Header Files</Filter>
    </ClInclude>
    <ClInclude Include="app_window.h">
      <Filter>Header Files</Filter>
    </ClInclude>
    <ClInclude Include="freeglut\freeglut.h" />
    <ClInclude Include="freeglut\freeglut_ext.h" />
    <ClInclude Include="freeglut\freeglut_std.h" />
    <ClInclude Include="Block.h">
      <Filter>Header Files</Filter>
    </ClInclude>
    <ClInclude Include="EntityBomb.h">
      <Filter>Header Files</Filter>
    </ClInclude>
    <ClInclude Include="EntitydBlock.h">
      <Filter>Header Files</Filter>
    </ClInclude>
    <ClInclude Include="EntityFire.h">
      <Filter>Header Files</Filter>
    </ClInclude>
    <ClInclude Include="PlayerNPC.h">
      <Filter>Header Files</Filter>
    </ClInclude>
    <ClInclude Include="EntityPowerupBlast.h">
      <Filter>Header Files</Filter>
    </ClInclude>
    <ClInclude Include="EntityPowerupBomb.h">
      <Filter>Header Files</Filter>
    </ClInclude>
    <ClInclude Include="EntityPowerupSpeed.h">
      <Filter>Header Files</Filter>
    </ClInclude>
    <ClInclude Include="EntityPowerupSkull.h">
      <Filter>Header Files</Filter>
    </ClInclude>
  </ItemGroup>
  <ItemGroup>
    <Filter Include="Source Files">
      <UniqueIdentifier>{404f8081-16dd-4843-85cb-6c7cc1a83e11}</UniqueIdentifier>
      <Extensions>.cpp</Extensions>
    </Filter>
    <Filter Include="Header Files">
      <UniqueIdentifier>{91a52750-5ae3-417c-a91f-870abd74aab0}</UniqueIdentifier>
      <Extensions>.h</Extensions>
    </Filter>
  </ItemGroup>
  <ItemGroup>
    <Library Include="freeglut\freeglut.lib" />
  </ItemGroup>
  <ItemGroup>
    <Image Include="textures\default\ent\Default_Entity.png" />
    <Image Include="textures\default\world\wall.png" />
    <Image Include="textures\default\char\bomberman_white.png" />
    <Image Include="textures\default\world\worldset.png" />
    <Image Include="textures\default\world\shadow.png" />
    <Image Include="textures\default\ent\fire.png" />
    <Image Include="textures\default\char\bomberman_bw.png" />
    <Image Include="textures\default\ent\bomb.png" />
    <Image Include="textures\default\hud\hudset.png" />
    <Image Include="textures\default\ent\destructible.png" />
    <Image Include="textures\default\ent\destTile.png" />
    <Image Include="textures\default\ent\pwrup.png" />
    <Image Include="textures\default\ent\destruct.png" />
    <Image Include="textures\default\char\bomberman_black.png" />
    <Image Include="textures\default\char\bomberman_blue.png" />
    <Image Include="textures\default\char\bomberman_red.png" />
  </ItemGroup>
  <ItemGroup>
    <None Include="freeglut.dll" />
    <None Include="textures\default\world\worldset.psd" />
    <None Include="textures\default\ent\fire.psd" />
    <None Include="textures\default\ent\bomb.psd" />
    <None Include="textures\default\hud\hudset.psd" />
    <None Include="textures\default\ent\destructible.psd" />
    <None Include="textures\default\ent\destruct.psd" />
    <None Include="textures\default\ent\pwrup.psd" />
    <None Include="textures\default\char\bomberman_black.psd" />
    <None Include="textures\default\char\bomberman_blue.psd" />
    <None Include="textures\default\char\bomberman_red.psd" />
  </ItemGroup>
  <ItemGroup>
    <Media Include="sound\music\bmode_loop.wav" />
  </ItemGroup>
</Project>